
Microsoft Visual Studio Solution File, Format Version 12.00
Project("{F2A71F9B-5D33-465A-A702-920D77279786}") = "WowLogScan", "WowLogScan.fsproj", "{C75B3D10-FF0D-4781-91B2-7F6036693610}"
EndProject
Global
	GlobalSection(SolutionConfigurationPlatforms) = preSolution
		Debug|Any CPU = Debug|Any CPU
		Release|Any CPU = Release|Any CPU
	EndGlobalSection
	GlobalSection(ProjectConfigurationPlatforms) = postSolution
		{C75B3D10-FF0D-4781-91B2-7F6036693610}.Debug|Any CPU.ActiveCfg = Debug|Any CPU
		{C75B3D10-FF0D-4781-91B2-7F6036693610}.Debug|Any CPU.Build.0 = Debug|Any CPU
		{C75B3D10-FF0D-4781-91B2-7F6036693610}.Release|Any CPU.ActiveCfg = Release|Any CPU
		{C75B3D10-FF0D-4781-91B2-7F6036693610}.Release|Any CPU.Build.0 = Release|Any CPU
	EndGlobalSection
EndGlobal
